{
  "name": "testing-playwright",
  "version": "1.0.0",
  "lockfileVersion": 3,
  "requires": true,
  "packages": {
    "": {
      "name": "testing-playwright",
      "version": "1.0.0",
      "license": "ISC",
      "devDependencies": {
        "@playwright/test": "^1.51.0-alpha-2025-01-31"
      }
    },
    "node_modules/@playwright/test": {
      "version": "1.51.0-alpha-2025-02-11",
      "resolved": "https://registry.npmjs.org/@playwright/test/-/test-1.51.0-alpha-2025-02-11.tgz",
      "integrity": "sha512-2NPhWR6IbHkP46FzYcxxuCi0Nx6qh0mVsp+6134YD7AQOvbJHpxC/F0LPgkBz0siT2/bUCsBuRGK63v6Kbz4xA==",
      "dev": true,
      "license": "Apache-2.0",
      "dependencies": {
        "playwright": "1.51.0-alpha-2025-02-11"
      },
      "bin": {
        "playwright": "cli.js"
      },
      "engines": {
        "node": ">=18"
      }
    },
    "node_modules/fsevents": {
      "version": "2.3.2",
      "resolved": "https://registry.npmjs.org/fsevents/-/fsevents-2.3.2.tgz",
      "integrity": "sha512-xiqMQR4xAeHTuB9uWm+fFRcIOgKBMiOBP+eXiyT7jsgVCq1bkVygt00oASowB7EdtpOHaaPgKt812P9ab+DDKA==",
      "dev": true,
      "hasInstallScript": true,
      "license": "MIT",
      "optional": true,
      "os": [
        "darwin"
      ],
      "engines": {
        "node": "^8.16.0 || ^10.6.0 || >=11.0.0"
      }
    },
    "node_modules/playwright": {
      "version": "1.51.0-alpha-2025-02-11",
      "resolved": "https://registry.npmjs.org/playwright/-/playwright-1.51.0-alpha-2025-02-11.tgz",
      "integrity": "sha512-H2gtHXJGYb90I886dzW15jJlfZhwNuzmIqxmgFtiQyDKYOoiY+i1/rUjg+1m9sC0YHHaLlupt0n/cIyN6Rm6tw==",
      "dev": true,
      "license": "Apache-2.0",
      "dependencies": {
        "playwright-core": "1.51.0-alpha-2025-02-11"
      },
      "bin": {
        "playwright": "cli.js"
      },
      "engines": {
        "node": ">=18"
      },
      "optionalDependencies": {
        "fsevents": "2.3.2"
      }
    },
    "node_modules/playwright-core": {
      "version": "1.51.0-alpha-2025-02-11",
      "resolved": "https://registry.npmjs.org/playwright-core/-/playwright-core-1.51.0-alpha-2025-02-11.tgz",
      "integrity": "sha512-B5hKfUOhQ4bjK48aK4HuxYPQsWjuDLb6CeHCUzIMvuSwycvJ+LMZf7XxZPtFd8Aw+oliuo6nveZ8EceqXNB67w==",
      "dev": true,
      "license": "Apache-2.0",
      "bin": {
        "playwright-core": "cli.js"
      },
      "engines": {
        "node": ">=18"
      }
    }
  }
}
