{
  "name": "testing-playwright",
  "version": "1.0.0",
  "lockfileVersion": 3,
  "requires": true,
  "packages": {
    "": {
      "name": "testing-playwright",
      "version": "1.0.0",
      "license": "ISC",
      "devDependencies": {
        "@playwright/test": "^1.51.0-alpha-2025-01-31"
      }
    },
    "node_modules/@playwright/test": {
      "version": "1.51.0-alpha-2025-02-05",
      "resolved": "https://registry.npmjs.org/@playwright/test/-/test-1.51.0-alpha-2025-02-05.tgz",
      "integrity": "sha512-RSTRQQW+iGL41vOGe54wJKJH6Ca0+aUUOGvY/NYCHAUriL3sVW2bIAfEQaKxJ2MUU5hi4F1EflCtXXSfdqmKDQ==",
      "dev": true,
      "license": "Apache-2.0",
      "dependencies": {
        "playwright": "1.51.0-alpha-2025-02-05"
      },
      "bin": {
        "playwright": "cli.js"
      },
      "engines": {
        "node": ">=18"
      }
    },
    "node_modules/fsevents": {
      "version": "2.3.2",
      "resolved": "https://registry.npmjs.org/fsevents/-/fsevents-2.3.2.tgz",
      "integrity": "sha512-xiqMQR4xAeHTuB9uWm+fFRcIOgKBMiOBP+eXiyT7jsgVCq1bkVygt00oASowB7EdtpOHaaPgKt812P9ab+DDKA==",
      "dev": true,
      "hasInstallScript": true,
      "license": "MIT",
      "optional": true,
      "os": [
        "darwin"
      ],
      "engines": {
        "node": "^8.16.0 || ^10.6.0 || >=11.0.0"
      }
    },
    "node_modules/playwright": {
      "version": "1.51.0-alpha-2025-02-05",
      "resolved": "https://registry.npmjs.org/playwright/-/playwright-1.51.0-alpha-2025-02-05.tgz",
      "integrity": "sha512-qLaLGkPLkLO4CD6AHd7zFRHQ/JE/5ZtP7Hl6X5V/p4FgVqMUfc3pnlfMBnfP411RjuMMKPnvFhuhi91uzyNYbw==",
      "dev": true,
      "license": "Apache-2.0",
      "dependencies": {
        "playwright-core": "1.51.0-alpha-2025-02-05"
      },
      "bin": {
        "playwright": "cli.js"
      },
      "engines": {
        "node": ">=18"
      },
      "optionalDependencies": {
        "fsevents": "2.3.2"
      }
    },
    "node_modules/playwright-core": {
      "version": "1.51.0-alpha-2025-02-05",
      "resolved": "https://registry.npmjs.org/playwright-core/-/playwright-core-1.51.0-alpha-2025-02-05.tgz",
      "integrity": "sha512-IdmnVAg9PuGdLwd2yMQbiTjEAbMrCP8Rov8pILLFwM/7xCWIq8ultVaTJo3jZvAWGCntTNAVXAMMeprXF5A55Q==",
      "dev": true,
      "license": "Apache-2.0",
      "bin": {
        "playwright-core": "cli.js"
      },
      "engines": {
        "node": ">=18"
      }
    }
  }
}
